
Microsoft Visual Studio Solution File, Format Version 11.00
# Visual Studio 2010
Project("{FAE04EC0-301F-11D3-BF4B-00C04F79EFBC}") = "Landeeyo.DesignPatterns.DesignPatternsExampleLibrary", "Landeeyo.DesignPatterns.DesignPatternsExampleLibrary.csproj", "{1B430998-24D3-42B2-AF8E-BD6226399111}"
EndProject
Project("{FAE04EC0-301F-11D3-BF4B-00C04F79EFBC}") = "Landeeyo.DesignPatterns.Tests", "..\Landeeyo.DesignPatterns.Tests\Landeeyo.DesignPatterns.Tests.csproj", "{51F2C0A1-168D-441C-9A4A-A45AE4ACC78C}"
EndProject
Global
	GlobalSection(SolutionConfigurationPlatforms) = preSolution
		Debug|Any CPU = Debug|Any CPU
		Release|Any CPU = Release|Any CPU
	EndGlobalSection
	GlobalSection(ProjectConfigurationPlatforms) = postSolution
		{1B430998-24D3-42B2-AF8E-BD6226399111}.Debug|Any CPU.ActiveCfg = Debug|Any CPU
		{1B430998-24D3-42B2-AF8E-BD6226399111}.Debug|Any CPU.Build.0 = Debug|Any CPU
		{1B430998-24D3-42B2-AF8E-BD6226399111}.Release|Any CPU.ActiveCfg = Release|Any CPU
		{1B430998-24D3-42B2-AF8E-BD6226399111}.Release|Any CPU.Build.0 = Release|Any CPU
		{51F2C0A1-168D-441C-9A4A-A45AE4ACC78C}.Debug|Any CPU.ActiveCfg = Debug|Any CPU
		{51F2C0A1-168D-441C-9A4A-A45AE4ACC78C}.Debug|Any CPU.Build.0 = Debug|Any CPU
		{51F2C0A1-168D-441C-9A4A-A45AE4ACC78C}.Release|Any CPU.ActiveCfg = Release|Any CPU
		{51F2C0A1-168D-441C-9A4A-A45AE4ACC78C}.Release|Any CPU.Build.0 = Release|Any CPU
	EndGlobalSection
	GlobalSection(SolutionProperties) = preSolution
		HideSolutionNode = FALSE
	EndGlobalSection
EndGlobal
